
Microsoft Visual Studio Solution File, Format Version 12.00
# Visual Studio Version 16
VisualStudioVersion = 16.0.29728.190
MinimumVisualStudioVersion = 10.0.40219.1
Project("{FAE04EC0-301F-11D3-BF4B-00C04F79EFBC}") = "Norman Manley Institution for the Impaired", "Norman Manley Institution for the Impaired\Norman Manley Institution for the Impaired.csproj", "{DB407FF5-9E28-4471-B1C3-A9277FAFD3D6}"
EndProject
Global
	GlobalSection(SolutionConfigurationPlatforms) = preSolution
		Debug|Any CPU = Debug|Any CPU
		Release|Any CPU = Release|Any CPU
	EndGlobalSection
	GlobalSection(ProjectConfigurationPlatforms) = postSolution
		{DB407FF5-9E28-4471-B1C3-A9277FAFD3D6}.Debug|Any CPU.ActiveCfg = Debug|Any CPU
		{DB407FF5-9E28-4471-B1C3-A9277FAFD3D6}.Debug|Any CPU.Build.0 = Debug|Any CPU
		{DB407FF5-9E28-4471-B1C3-A9277FAFD3D6}.Release|Any CPU.ActiveCfg = Release|Any CPU
		{DB407FF5-9E28-4471-B1C3-A9277FAFD3D6}.Release|Any CPU.Build.0 = Release|Any CPU
	EndGlobalSection
	GlobalSection(SolutionProperties) = preSolution
		HideSolutionNode = FALSE
	EndGlobalSection
	GlobalSection(ExtensibilityGlobals) = postSolution
		SolutionGuid = {93D6BEB2-E46C-4893-AAE2-0574662CAFE1}
	EndGlobalSection
EndGlobal
